
Microsoft Visual Studio Solution File, Format Version 12.00
# Visual Studio Version 17
VisualStudioVersion = 17.10.35013.160
MinimumVisualStudioVersion = 10.0.40219.1
Project("{FAE04EC0-301F-11D3-BF4B-00C04F79EFBC}") = "Contactly", "Contactly\Contactly.csproj", "{F6A2A12E-3DBB-426E-8005-53FEE3601342}"
EndProject
Global
	GlobalSection(SolutionConfigurationPlatforms) = preSolution
		Debug|Any CPU = Debug|Any CPU
		Release|Any CPU = Release|Any CPU
	EndGlobalSection
	GlobalSection(ProjectConfigurationPlatforms) = postSolution
		{F6A2A12E-3DBB-426E-8005-53FEE3601342}.Debug|Any CPU.ActiveCfg = Debug|Any CPU
		{F6A2A12E-3DBB-426E-8005-53FEE3601342}.Debug|Any CPU.Build.0 = Debug|Any CPU
		{F6A2A12E-3DBB-426E-8005-53FEE3601342}.Release|Any CPU.ActiveCfg = Release|Any CPU
		{F6A2A12E-3DBB-426E-8005-53FEE3601342}.Release|Any CPU.Build.0 = Release|Any CPU
	EndGlobalSection
	GlobalSection(SolutionProperties) = preSolution
		HideSolutionNode = FALSE
	EndGlobalSection
	GlobalSection(ExtensibilityGlobals) = postSolution
		SolutionGuid = {8ABFA72B-C9DA-4EA9-8A20-41E1D492CB6D}
	EndGlobalSection
EndGlobal
